// !$*UTF8*$!
{
	archiveVersion = 1;
	classes = {
	};
	objectVersion = 56;
	objects = {

/* Begin PBXBuildFile section */
		D618CB62295ED24000601356 /* SwiftUITipsAndTricksApp.swift in Sources */ = {isa = PBXBuildFile; fileRef = D618CB61295ED24000601356 /* SwiftUITipsAndTricksApp.swift */; };
		D618CB64295ED24000601356 /* ContentView.swift in Sources */ = {isa = PBXBuildFile; fileRef = D618CB63295ED24000601356 /* ContentView.swift */; };
		D618CB66295ED24000601356 /* Assets.xcassets in Resources */ = {isa = PBXBuildFile; fileRef = D618CB65295ED24000601356 /* Assets.xcassets */; };
		D618CB69295ED24000601356 /* Preview Assets.xcassets in Resources */ = {isa = PBXBuildFile; fileRef = D618CB68295ED24000601356 /* Preview Assets.xcassets */; };
		D618CB78295ED24100601356 /* SwiftUITipsAndTricksTests.swift in Sources */ = {isa = PBXBuildFile; fileRef = D618CB77295ED24100601356 /* SwiftUITipsAndTricksTests.swift */; };
		D618CB82295ED24100601356 /* SwiftUITipsAndTricksUITests.swift in Sources */ = {isa = PBXBuildFile; fileRef = D618CB81295ED24100601356 /* SwiftUITipsAndTricksUITests.swift */; };
		D618CB84295ED24100601356 /* SwiftUITipsAndTricksUITestsLaunchTests.swift in Sources */ = {isa = PBXBuildFile; fileRef = D618CB83295ED24100601356 /* SwiftUITipsAndTricksUITestsLaunchTests.swift */; };
/* End PBXBuildFile section */

/* Begin PBXContainerItemProxy section */
		D618CB74295ED24100601356 /* PBXContainerItemProxy */ = {
			isa = PBXContainerItemProxy;
			containerPortal = D618CB56295ED24000601356 /* Project object */;
			proxyType = 1;
			remoteGlobalIDString = D618CB5D295ED24000601356;
			remoteInfo = SwiftUITipsAndTricks;
		};
		D618CB7E295ED24100601356 /* PBXContainerItemProxy */ = {
			isa = PBXContainerItemProxy;
			containerPortal = D618CB56295ED24000601356 /* Project object */;
			proxyType = 1;
			remoteGlobalIDString = D618CB5D295ED24000601356;
			remoteInfo = SwiftUITipsAndTricks;
		};
/* End PBXContainerItemProxy section */

/* Begin PBXFileReference section */
		D618CB5E295ED24000601356 /* SwiftUITipsAndTricks.app */ = {isa = PBXFileReference; explicitFileType = wrapper.application; includeInIndex = 0; path = SwiftUITipsAndTricks.app; sourceTree = BUILT_PRODUCTS_DIR; };
		D618CB61295ED24000601356 /* SwiftUITipsAndTricksApp.swift */ = {isa = PBXFileReference; lastKnownFileType = sourcecode.swift; path = SwiftUITipsAndTricksApp.swift; sourceTree = "<group>"; };
		D618CB63295ED24000601356 /* ContentView.swift */ = {isa = PBXFileReference; lastKnownFileType = sourcecode.swift; path = ContentView.swift; sourceTree = "<group>"; };
		D618CB65295ED24000601356 /* Assets.xcassets */ = {isa = PBXFileReference; lastKnownFileType = folder.assetcatalog; path = Assets.xcassets; sourceTree = "<group>"; };
		D618CB68295ED24000601356 /* Preview Assets.xcassets */ = {isa = PBXFileReference; lastKnownFileType = folder.assetcatalog; path = "Preview Assets.xcassets"; sourceTree = "<group>"; };
		D618CB73295ED24100601356 /* SwiftUITipsAndTricksTests.xctest */ = {isa = PBXFileReference; explicitFileType = wrapper.cfbundle; includeInIndex = 0; path = SwiftUITipsAndTricksTests.xctest; sourceTree = BUILT_PRODUCTS_DIR; };
		D618CB77295ED24100601356 /* SwiftUITipsAndTricksTests.swift */ = {isa = PBXFileReference; lastKnownFileType = sourcecode.swift; path = SwiftUITipsAndTricksTests.swift; sourceTree = "<group>"; };
		D618CB7D295ED24100601356 /* SwiftUITipsAndTricksUITests.xctest */ = {isa = PBXFileReference; explicitFileType = wrapper.cfbundle; includeInIndex = 0; path = SwiftUITipsAndTricksUITests.xctest; sourceTree = BUILT_PRODUCTS_DIR; };
		D618CB81295ED24100601356 /* SwiftUITipsAndTricksUITests.swift */ = {isa = PBXFileReference; lastKnownFileType = sourcecode.swift; path = SwiftUITipsAndTricksUITests.swift; sourceTree = "<group>"; };
		D618CB83295ED24100601356 /* SwiftUITipsAndTricksUITestsLaunchTests.swift */ = {isa = PBXFileReference; lastKnownFileType = sourcecode.swift; path = SwiftUITipsAndTricksUITestsLaunchTests.swift; sourceTree = "<group>"; };
/* End PBXFileReference section */

/* Begin PBXFrameworksBuildPhase section */
		D618CB5B295ED24000601356 /* Frameworks */ = {
			isa = PBXFrameworksBuildPhase;
			buildActionMask = 2147483647;
			files = (
			);
			runOnlyForDeploymentPostprocessing = 0;
		};
		D618CB70295ED24100601356 /* Frameworks */ = {
			isa = PBXFrameworksBuildPhase;
			buildActionMask = 2147483647;
			files = (
			);
			runOnlyForDeploymentPostprocessing = 0;
		};
		D618CB7A295ED24100601356 /* Frameworks */ = {
			isa = PBXFrameworksBuildPhase;
			buildActionMask = 2147483647;
			files = (
			);
			runOnlyForDeploymentPostprocessing = 0;
		};
/* End PBXFrameworksBuildPhase section */

/* Begin PBXGroup section */
		D618CB55295ED24000601356 = {
			isa = PBXGroup;
			children = (
				D618CB60295ED24000601356 /* SwiftUITipsAndTricks */,
				D618CB76295ED24100601356 /* SwiftUITipsAndTricksTests */,
				D618CB80295ED24100601356 /* SwiftUITipsAndTricksUITests */,
				D618CB5F295ED24000601356 /* Products */,
			);
			sourceTree = "<group>";
		};
		D618CB5F295ED24000601356 /* Products */ = {
			isa = PBXGroup;
			children = (
				D618CB5E295ED24000601356 /* SwiftUITipsAndTricks.app */,
				D618CB73295ED24100601356 /* SwiftUITipsAndTricksTests.xctest */,
				D618CB7D295ED24100601356 /* SwiftUITipsAndTricksUITests.xctest */,
			);
			name = Products;
			sourceTree = "<group>";
		};
		D618CB60295ED24000601356 /* SwiftUITipsAndTricks */ = {
			isa = PBXGroup;
			children = (
				D618CB61295ED24000601356 /* SwiftUITipsAndTricksApp.swift */,
				D618CB63295ED24000601356 /* ContentView.swift */,
				D618CB65295ED24000601356 /* Assets.xcassets */,
				D618CB67295ED24000601356 /* Preview Content */,
			);
			path = SwiftUITipsAndTricks;
			sourceTree = "<group>";
		};
		D618CB67295ED24000601356 /* Preview Content */ = {
			isa = PBXGroup;
			children = (
				D618CB68295ED24000601356 /* Preview Assets.xcassets */,
			);
			path = "Preview Content";
			sourceTree = "<group>";
		};
		D618CB76295ED24100601356 /* SwiftUITipsAndTricksTests */ = {
			isa = PBXGroup;
			children = (
				D618CB77295ED24100601356 /* SwiftUITipsAndTricksTests.swift */,
			);
			path = SwiftUITipsAndTricksTests;
			sourceTree = "<group>";
		};
		D618CB80295ED24100601356 /* SwiftUITipsAndTricksUITests */ = {
			isa = PBXGroup;
			children = (
				D618CB81295ED24100601356 /* SwiftUITipsAndTricksUITests.swift */,
				D618CB83295ED24100601356 /* SwiftUITipsAndTricksUITestsLaunchTests.swift */,
			);
			path = SwiftUITipsAndTricksUITests;
			sourceTree = "<group>";
		};
/* End PBXGroup section */

/* Begin PBXNativeTarget section */
		D618CB5D295ED24000601356 /* SwiftUITipsAndTricks */ = {
			isa = PBXNativeTarget;
			buildConfigurationList = D618CB87295ED24100601356 /* Build configuration list for PBXNativeTarget "SwiftUITipsAndTricks" */;
			buildPhases = (
				D618CB5A295ED24000601356 /* Sources */,
				D618CB5B295ED24000601356 /* Frameworks */,
				D618CB5C295ED24000601356 /* Resources */,
			);
			buildRules = (
			);
			dependencies = (
			);
			name = SwiftUITipsAndTricks;
			productName = SwiftUITipsAndTricks;
			productReference = D618CB5E295ED24000601356 /* SwiftUITipsAndTricks.app */;
			productType = "com.apple.product-type.application";
		};
		D618CB72295ED24100601356 /* SwiftUITipsAndTricksTests */ = {
			isa = PBXNativeTarget;
			buildConfigurationList = D618CB8A295ED24100601356 /* Build configuration list for PBXNativeTarget "SwiftUITipsAndTricksTests" */;
			buildPhases = (
				D618CB6F295ED24100601356 /* Sources */,
				D618CB70295ED24100601356 /* Frameworks */,
				D618CB71295ED24100601356 /* Resources */,
			);
			buildRules = (
			);
			dependencies = (
				D618CB75295ED24100601356 /* PBXTargetDependency */,
			);
			name = SwiftUITipsAndTricksTests;
			productName = SwiftUITipsAndTricksTests;
			productReference = D618CB73295ED24100601356 /* SwiftUITipsAndTricksTests.xctest */;
			productType = "com.apple.product-type.bundle.unit-test";
		};
		D618CB7C295ED24100601356 /* SwiftUITipsAndTricksUITests */ = {
			isa = PBXNativeTarget;
			buildConfigurationList = D618CB8D295ED24100601356 /* Build configuration list for PBXNativeTarget "SwiftUITipsAndTricksUITests" */;
			buildPhases = (
				D618CB79295ED24100601356 /* Sources */,
				D618CB7A295ED24100601356 /* Frameworks */,
				D618CB7B295ED24100601356 /* Resources */,
			);
			buildRules = (
			);
			dependencies = (
				D618CB7F295ED24100601356 /* PBXTargetDependency */,
			);
			name = SwiftUITipsAndTricksUITests;
			productName = SwiftUITipsAndTricksUITests;
			productReference = D618CB7D295ED24100601356 /* SwiftUITipsAndTricksUITests.xctest */;
			productType = "com.apple.product-type.bundle.ui-testing";
		};
/* End PBXNativeTarget section */

/* Begin PBXProject section */
		D618CB56295ED24000601356 /* Project object */ = {
			isa = PBXProject;
			attributes = {
				BuildIndependentTargetsInParallel = 1;
				LastSwiftUpdateCheck = 1410;
				LastUpgradeCheck = 1410;
				TargetAttributes = {
					D618CB5D295ED24000601356 = {
						CreatedOnToolsVersion = 14.1;
					};
					D618CB72295ED24100601356 = {
						CreatedOnToolsVersion = 14.1;
						TestTargetID = D618CB5D295ED24000601356;
					};
					D618CB7C295ED24100601356 = {
						CreatedOnToolsVersion = 14.1;
						TestTargetID = D618CB5D295ED24000601356;
					};
				};
			};
			buildConfigurationList = D618CB59295ED24000601356 /* Build configuration list for PBXProject "SwiftUITipsAndTricks" */;
			compatibilityVersion = "Xcode 14.0";
			developmentRegion = en;
			hasScannedForEncodings = 0;
			knownRegions = (
				en,
				Base,
			);
			mainGroup = D618CB55295ED24000601356;
			productRefGroup = D618CB5F295ED24000601356 /* Products */;
			projectDirPath = "";
			projectRoot = "";
			targets = (
				D618CB5D295ED24000601356 /* SwiftUITipsAndTricks */,
				D618CB72295ED24100601356 /* SwiftUITipsAndTricksTests */,
				D618CB7C295ED24100601356 /* SwiftUITipsAndTricksUITests */,
			);
		};
/* End PBXProject section */

/* Begin PBXResourcesBuildPhase section */
		D618CB5C295ED24000601356 /* Resources */ = {
			isa = PBXResourcesBuildPhase;
			buildActionMask = 2147483647;
			files = (
				D618CB69295ED24000601356 /* Preview Assets.xcassets in Resources */,
				D618CB66295ED24000601356 /* Assets.xcassets in Resources */,
			);
			runOnlyForDeploymentPostprocessing = 0;
		};
		D618CB71295ED24100601356 /* Resources */ = {
			isa = PBXResourcesBuildPhase;
			buildActionMask = 2147483647;
			files = (
			);
			runOnlyForDeploymentPostprocessing = 0;
		};
		D618CB7B295ED24100601356 /* Resources */ = {
			isa = PBXResourcesBuildPhase;
			buildActionMask = 2147483647;
			files = (
			);
			runOnlyForDeploymentPostprocessing = 0;
		};
/* End PBXResourcesBuildPhase section */

/* Begin PBXSourcesBuildPhase section */
		D618CB5A295ED24000601356 /* Sources */ = {
			isa = PBXSourcesBuildPhase;
			buildActionMask = 2147483647;
			files = (
				D618CB64295ED24000601356 /* ContentView.swift in Sources */,
				D618CB62295ED24000601356 /* SwiftUITipsAndTricksApp.swift in Sources */,
			);
			runOnlyForDeploymentPostprocessing = 0;
		};
		D618CB6F295ED24100601356 /* Sources */ = {
			isa = PBXSourcesBuildPhase;
			buildActionMask = 2147483647;
			files = (
				D618CB78295ED24100601356 /* SwiftUITipsAndTricksTests.swift in Sources */,
			);
			runOnlyForDeploymentPostprocessing = 0;
		};
		D618CB79295ED24100601356 /* Sources */ = {
			isa = PBXSourcesBuildPhase;
			buildActionMask = 2147483647;
			files = (
				D618CB84295ED24100601356 /* SwiftUITipsAndTricksUITestsLaunchTests.swift in Sources */,
				D618CB82295ED24100601356 /* SwiftUITipsAndTricksUITests.swift in Sources */,
			);
			runOnlyForDeploymentPostprocessing = 0;
		};
/* End PBXSourcesBuildPhase section */

/* Begin PBXTargetDependency section */
		D618CB75295ED24100601356 /* PBXTargetDependency */ = {
			isa = PBXTargetDependency;
			target = D618CB5D295ED24000601356 /* SwiftUITipsAndTricks */;
			targetProxy = D618CB74295ED24100601356 /* PBXContainerItemProxy */;
		};
		D618CB7F295ED24100601356 /* PBXTargetDependency */ = {
			isa = PBXTargetDependency;
			target = D618CB5D295ED24000601356 /* SwiftUITipsAndTricks */;
			targetProxy = D618CB7E295ED24100601356 /* PBXContainerItemProxy */;
		};
/* End PBXTargetDependency section */

/* Begin XCBuildConfiguration section */
		D618CB85295ED24100601356 /* Debug */ = {
			isa = XCBuildConfiguration;
			buildSettings = {
				ALWAYS_SEARCH_USER_PATHS = NO;
				CLANG_ANALYZER_NONNULL = YES;
				CLANG_ANALYZER_NUMBER_OBJECT_CONVERSION = YES_AGGRESSIVE;
				CLANG_CXX_LANGUAGE_STANDARD = "gnu++20";
				CLANG_ENABLE_MODULES = YES;
				CLANG_ENABLE_OBJC_ARC = YES;
				CLANG_ENABLE_OBJC_WEAK = YES;
				CLANG_WARN_BLOCK_CAPTURE_AUTORELEASING = YES;
				CLANG_WARN_BOOL_CONVERSION = YES;
				CLANG_WARN_COMMA = YES;
				CLANG_WARN_CONSTANT_CONVERSION = YES;
				CLANG_WARN_DEPRECATED_OBJC_IMPLEMENTATIONS = YES;
				CLANG_WARN_DIRECT_OBJC_ISA_USAGE = YES_ERROR;
				CLANG_WARN_DOCUMENTATION_COMMENTS = YES;
				CLANG_WARN_EMPTY_BODY = YES;
				CLANG_WARN_ENUM_CONVERSION = YES;
				CLANG_WARN_INFINITE_RECURSION = YES;
				CLANG_WARN_INT_CONVERSION = YES;
				CLANG_WARN_NON_LITERAL_NULL_CONVERSION = YES;
				CLANG_WARN_OBJC_IMPLICIT_RETAIN_SELF = YES;
				CLANG_WARN_OBJC_LITERAL_CONVERSION = YES;
				CLANG_WARN_OBJC_ROOT_CLASS = YES_ERROR;
				CLANG_WARN_QUOTED_INCLUDE_IN_FRAMEWORK_HEADER = YES;
				CLANG_WARN_RANGE_LOOP_ANALYSIS = YES;
				CLANG_WARN_STRICT_PROTOTYPES = YES;
				CLANG_WARN_SUSPICIOUS_MOVE = YES;
				CLANG_WARN_UNGUARDED_AVAILABILITY = YES_AGGRESSIVE;
				CLANG_WARN_UNREACHABLE_CODE = YES;
				CLANG_WARN__DUPLICATE_METHOD_MATCH = YES;
				COPY_PHASE_STRIP = NO;
				DEBUG_INFORMATION_FORMAT = dwarf;
				ENABLE_STRICT_OBJC_MSGSEND = YES;
				ENABLE_TESTABILITY = YES;
				GCC_C_LANGUAGE_STANDARD = gnu11;
				GCC_DYNAMIC_NO_PIC = NO;
				GCC_NO_COMMON_BLOCKS = YES;
				GCC_OPTIMIZATION_LEVEL = 0;
				GCC_PREPROCESSOR_DEFINITIONS = (
					"DEBUG=1",
					"$(inherited)",
				);
				GCC_WARN_64_TO_32_BIT_CONVERSION = YES;
				GCC_WARN_ABOUT_RETURN_TYPE = YES_ERROR;
				GCC_WARN_UNDECLARED_SELECTOR = YES;
				GCC_WARN_UNINITIALIZED_AUTOS = YES_AGGRESSIVE;
				GCC_WARN_UNUSED_FUNCTION = YES;
				GCC_WARN_UNUSED_VARIABLE = YES;
				IPHONEOS_DEPLOYMENT_TARGET = 16.1;
				MTL_ENABLE_DEBUG_INFO = INCLUDE_SOURCE;
				MTL_FAST_MATH = YES;
				ONLY_ACTIVE_ARCH = YES;
				SDKROOT = iphoneos;
				SWIFT_ACTIVE_COMPILATION_CONDITIONS = DEBUG;
				SWIFT_OPTIMIZATION_LEVEL = "-Onone";
			};
			name = Debug;
		};
		D618CB86295ED24100601356 /* Release */ = {
			isa = XCBuildConfiguration;
			buildSettings = {
				ALWAYS_SEARCH_USER_PATHS = NO;
				CLANG_ANALYZER_NONNULL = YES;
				CLANG_ANALYZER_NUMBER_OBJECT_CONVERSION = YES_AGGRESSIVE;
				CLANG_CXX_LANGUAGE_STANDARD = "gnu++20";
				CLANG_ENABLE_MODULES = YES;
				CLANG_ENABLE_OBJC_ARC = YES;
				CLANG_ENABLE_OBJC_WEAK = YES;
				CLANG_WARN_BLOCK_CAPTURE_AUTORELEASING = YES;
				CLANG_WARN_BOOL_CONVERSION = YES;
				CLANG_WARN_COMMA = YES;
				CLANG_WARN_CONSTANT_CONVERSION = YES;
				CLANG_WARN_DEPRECATED_OBJC_IMPLEMENTATIONS = YES;
				CLANG_WARN_DIRECT_OBJC_ISA_USAGE = YES_ERROR;
				CLANG_WARN_DOCUMENTATION_COMMENTS = YES;
				CLANG_WARN_EMPTY_BODY = YES;
				CLANG_WARN_ENUM_CONVERSION = YES;
				CLANG_WARN_INFINITE_RECURSION = YES;
				CLANG_WARN_INT_CONVERSION = YES;
				CLANG_WARN_NON_LITERAL_NULL_CONVERSION = YES;
				CLANG_WARN_OBJC_IMPLICIT_RETAIN_SELF = YES;
				CLANG_WARN_OBJC_LITERAL_CONVERSION = YES;
				CLANG_WARN_OBJC_ROOT_CLASS = YES_ERROR;
				CLANG_WARN_QUOTED_INCLUDE_IN_FRAMEWORK_HEADER = YES;
				CLANG_WARN_RANGE_LOOP_ANALYSIS = YES;
				CLANG_WARN_STRICT_PROTOTYPES = YES;
				CLANG_WARN_SUSPICIOUS_MOVE = YES;
				CLANG_WARN_UNGUARDED_AVAILABILITY = YES_AGGRESSIVE;
				CLANG_WARN_UNREACHABLE_CODE = YES;
				CLANG_WARN__DUPLICATE_METHOD_MATCH = YES;
				COPY_PHASE_STRIP = NO;
				DEBUG_INFORMATION_FORMAT = "dwarf-with-dsym";
				ENABLE_NS_ASSERTIONS = NO;
				ENABLE_STRICT_OBJC_MSGSEND = YES;
				GCC_C_LANGUAGE_STANDARD = gnu11;
				GCC_NO_COMMON_BLOCKS = YES;
				GCC_WARN_64_TO_32_BIT_CONVERSION = YES;
				GCC_WARN_ABOUT_RETURN_TYPE = YES_ERROR;
				GCC_WARN_UNDECLARED_SELECTOR = YES;
				GCC_WARN_UNINITIALIZED_AUTOS = YES_AGGRESSIVE;
				GCC_WARN_UNUSED_FUNCTION = YES;
				GCC_WARN_UNUSED_VARIABLE = YES;
				IPHONEOS_DEPLOYMENT_TARGET = 16.1;
				MTL_ENABLE_DEBUG_INFO = NO;
				MTL_FAST_MATH = YES;
				SDKROOT = iphoneos;
				SWIFT_COMPILATION_MODE = wholemodule;
				SWIFT_OPTIMIZATION_LEVEL = "-O";
				VALIDATE_PRODUCT = YES;
			};
			name = Release;
		};
		D618CB88295ED24100601356 /* Debug */ = {
			isa = XCBuildConfiguration;
			buildSettings = {
				ASSETCATALOG_COMPILER_APPICON_NAME = AppIcon;
				ASSETCATALOG_COMPILER_GLOBAL_ACCENT_COLOR_NAME = AccentColor;
				CODE_SIGN_STYLE = Automatic;
				CURRENT_PROJECT_VERSION = 1;
				DEVELOPMENT_ASSET_PATHS = "\"SwiftUITipsAndTricks/Preview Content\"";
				DEVELOPMENT_TEAM = Q32V223A75;
				ENABLE_PREVIEWS = YES;
				GENERATE_INFOPLIST_FILE = YES;
				INFOPLIST_KEY_UIApplicationSceneManifest_Generation = YES;
				INFOPLIST_KEY_UIApplicationSupportsIndirectInputEvents = YES;
				INFOPLIST_KEY_UILaunchScreen_Generation = YES;
				INFOPLIST_KEY_UISupportedInterfaceOrientations_iPad = "UIInterfaceOrientationPortrait UIInterfaceOrientationPortraitUpsideDown UIInterfaceOrientationLandscapeLeft UIInterfaceOrientationLandscapeRight";
				INFOPLIST_KEY_UISupportedInterfaceOrientations_iPhone = "UIInterfaceOrientationPortrait UIInterfaceOrientationLandscapeLeft UIInterfaceOrientationLandscapeRight";
				IPHONEOS_DEPLOYMENT_TARGET = 15.0;
				LD_RUNPATH_SEARCH_PATHS = (
					"$(inherited)",
					"@executable_path/Frameworks",
				);
				MARKETING_VERSION = 1.0;
				PRODUCT_BUNDLE_IDENTIFIER = com.mobilnypoligon.pools;
				PRODUCT_NAME = "$(TARGET_NAME)";
				SWIFT_EMIT_LOC_STRINGS = YES;
				SWIFT_STRICT_CONCURRENCY = complete;
				SWIFT_VERSION = 5.0;
				TARGETED_DEVICE_FAMILY = "1,2";
			};
			name = Debug;
		};
		D618CB89295ED24100601356 /* Release */ = {
			isa = XCBuildConfiguration;
			buildSettings = {
				ASSETCATALOG_COMPILER_APPICON_NAME = AppIcon;
				ASSETCATALOG_COMPILER_GLOBAL_ACCENT_COLOR_NAME = AccentColor;
				CODE_SIGN_STYLE = Automatic;
				CURRENT_PROJECT_VERSION = 1;
				DEVELOPMENT_ASSET_PATHS = "\"SwiftUITipsAndTricks/Preview Content\"";
				DEVELOPMENT_TEAM = Q32V223A75;
				ENABLE_PREVIEWS = YES;
				GENERATE_INFOPLIST_FILE = YES;
				INFOPLIST_KEY_UIApplicationSceneManifest_Generation = YES;
				INFOPLIST_KEY_UIApplicationSupportsIndirectInputEvents = YES;
				INFOPLIST_KEY_UILaunchScreen_Generation = YES;
				INFOPLIST_KEY_UISupportedInterfaceOrientations_iPad = "UIInterfaceOrientationPortrait UIInterfaceOrientationPortraitUpsideDown UIInterfaceOrientationLandscapeLeft UIInterfaceOrientationLandscapeRight";
				INFOPLIST_KEY_UISupportedInterfaceOrientations_iPhone = "UIInterfaceOrientationPortrait UIInterfaceOrientationLandscapeLeft UIInterfaceOrientationLandscapeRight";
				IPHONEOS_DEPLOYMENT_TARGET = 15.0;
				LD_RUNPATH_SEARCH_PATHS = (
					"$(inherited)",
					"@executable_path/Frameworks",
				);
				MARKETING_VERSION = 1.0;
				PRODUCT_BUNDLE_IDENTIFIER = com.mobilnypoligon.pools;
				PRODUCT_NAME = "$(TARGET_NAME)";
				SWIFT_EMIT_LOC_STRINGS = YES;
				SWIFT_STRICT_CONCURRENCY = complete;
				SWIFT_VERSION = 5.0;
				TARGETED_DEVICE_FAMILY = "1,2";
			};
			name = Release;
		};
		D618CB8B295ED24100601356 /* Debug */ = {
			isa = XCBuildConfiguration;
			buildSettings = {
				ALWAYS_EMBED_SWIFT_STANDARD_LIBRARIES = YES;
				BUNDLE_LOADER = "$(TEST_HOST)";
				CODE_SIGN_STYLE = Automatic;
				CURRENT_PROJECT_VERSION = 1;
				DEVELOPMENT_TEAM = AM8RAYM6Z2;
				GENERATE_INFOPLIST_FILE = YES;
				IPHONEOS_DEPLOYMENT_TARGET = 16.1;
				MARKETING_VERSION = 1.0;
				PRODUCT_BUNDLE_IDENTIFIER = andro.eu.SwiftUITipsAndTricksTests;
				PRODUCT_NAME = "$(TARGET_NAME)";
				SWIFT_EMIT_LOC_STRINGS = NO;
				SWIFT_VERSION = 5.0;
				TARGETED_DEVICE_FAMILY = "1,2";
				TEST_HOST = "$(BUILT_PRODUCTS_DIR)/SwiftUITipsAndTricks.app/$(BUNDLE_EXECUTABLE_FOLDER_PATH)/SwiftUITipsAndTricks";
			};
			name = Debug;
		};
		D618CB8C295ED24100601356 /* Release */ = {
			isa = XCBuildConfiguration;
			buildSettings = {
				ALWAYS_EMBED_SWIFT_STANDARD_LIBRARIES = YES;
				BUNDLE_LOADER = "$(TEST_HOST)";
				CODE_SIGN_STYLE = Automatic;
				CURRENT_PROJECT_VERSION = 1;
				DEVELOPMENT_TEAM = AM8RAYM6Z2;
				GENERATE_INFOPLIST_FILE = YES;
				IPHONEOS_DEPLOYMENT_TARGET = 16.1;
				MARKETING_VERSION = 1.0;
				PRODUCT_BUNDLE_IDENTIFIER = andro.eu.SwiftUITipsAndTricksTests;
				PRODUCT_NAME = "$(TARGET_NAME)";
				SWIFT_EMIT_LOC_STRINGS = NO;
				SWIFT_VERSION = 5.0;
				TARGETED_DEVICE_FAMILY = "1,2";
				TEST_HOST = "$(BUILT_PRODUCTS_DIR)/SwiftUITipsAndTricks.app/$(BUNDLE_EXECUTABLE_FOLDER_PATH)/SwiftUITipsAndTricks";
			};
			name = Release;
		};
		D618CB8E295ED24100601356 /* Debug */ = {
			isa = XCBuildConfiguration;
			buildSettings = {
				ALWAYS_EMBED_SWIFT_STANDARD_LIBRARIES = YES;
				CODE_SIGN_STYLE = Automatic;
				CURRENT_PROJECT_VERSION = 1;
				DEVELOPMENT_TEAM = AM8RAYM6Z2;
				GENERATE_INFOPLIST_FILE = YES;
				MARKETING_VERSION = 1.0;
				PRODUCT_BUNDLE_IDENTIFIER = andro.eu.SwiftUITipsAndTricksUITests;
				PRODUCT_NAME = "$(TARGET_NAME)";
				SWIFT_EMIT_LOC_STRINGS = NO;
				SWIFT_VERSION = 5.0;
				TARGETED_DEVICE_FAMILY = "1,2";
				TEST_TARGET_NAME = SwiftUITipsAndTricks;
			};
			name = Debug;
		};
		D618CB8F295ED24100601356 /* Release */ = {
			isa = XCBuildConfiguration;
			buildSettings = {
				ALWAYS_EMBED_SWIFT_STANDARD_LIBRARIES = YES;
				CODE_SIGN_STYLE = Automatic;
				CURRENT_PROJECT_VERSION = 1;
				DEVELOPMENT_TEAM = AM8RAYM6Z2;
				GENERATE_INFOPLIST_FILE = YES;
				MARKETING_VERSION = 1.0;
				PRODUCT_BUNDLE_IDENTIFIER = andro.eu.SwiftUITipsAndTricksUITests;
				PRODUCT_NAME = "$(TARGET_NAME)";
				SWIFT_EMIT_LOC_STRINGS = NO;
				SWIFT_VERSION = 5.0;
				TARGETED_DEVICE_FAMILY = "1,2";
				TEST_TARGET_NAME = SwiftUITipsAndTricks;
			};
			name = Release;
		};
/* End XCBuildConfiguration section */

/* Begin XCConfigurationList section */
		D618CB59295ED24000601356 /* Build configuration list for PBXProject "SwiftUITipsAndTricks" */ = {
			isa = XCConfigurationList;
			buildConfigurations = (
				D618CB85295ED24100601356 /* Debug */,
				D618CB86295ED24100601356 /* Release */,
			);
			defaultConfigurationIsVisible = 0;
			defaultConfigurationName = Release;
		};
		D618CB87295ED24100601356 /* Build configuration list for PBXNativeTarget "SwiftUITipsAndTricks" */ = {
			isa = XCConfigurationList;
			buildConfigurations = (
				D618CB88295ED24100601356 /* Debug */,
				D618CB89295ED24100601356 /* Release */,
			);
			defaultConfigurationIsVisible = 0;
			defaultConfigurationName = Release;
		};
		D618CB8A295ED24100601356 /* Build configuration list for PBXNativeTarget "SwiftUITipsAndTricksTests" */ = {
			isa = XCConfigurationList;
			buildConfigurations = (
				D618CB8B295ED24100601356 /* Debug */,
				D618CB8C295ED24100601356 /* Release */,
			);
			defaultConfigurationIsVisible = 0;
			defaultConfigurationName = Release;
		};
		D618CB8D295ED24100601356 /* Build configuration list for PBXNativeTarget "SwiftUITipsAndTricksUITests" */ = {
			isa = XCConfigurationList;
			buildConfigurations = (
				D618CB8E295ED24100601356 /* Debug */,
				D618CB8F295ED24100601356 /* Release */,
			);
			defaultConfigurationIsVisible = 0;
			defaultConfigurationName = Release;
		};
/* End XCConfigurationList section */
	};
	rootObject = D618CB56295ED24000601356 /* Project object */;
}
